
Microsoft Visual Studio Solution File, Format Version 12.00
Project("{FAE04EC0-301F-11D3-BF4B-00C04F79EFBC}") = "MinimumOrSmallestWindow", "MinimumOrSmallestWindow\MinimumOrSmallestWindow.csproj", "{6E2FD66E-482B-4AB0-BB32-D5A5145D8B96}"
EndProject
Project("{FAE04EC0-301F-11D3-BF4B-00C04F79EFBC}") = "Test.MinimumOrSmallestWindow", "Test.MinimumOrSmallestWindow\Test.MinimumOrSmallestWindow.csproj", "{D71058E2-0EBF-4024-BC85-D5325C02C509}"
EndProject
Global
	GlobalSection(SolutionConfigurationPlatforms) = preSolution
		Debug|Any CPU = Debug|Any CPU
		Release|Any CPU = Release|Any CPU
	EndGlobalSection
	GlobalSection(ProjectConfigurationPlatforms) = postSolution
		{6E2FD66E-482B-4AB0-BB32-D5A5145D8B96}.Debug|Any CPU.ActiveCfg = Debug|Any CPU
		{6E2FD66E-482B-4AB0-BB32-D5A5145D8B96}.Debug|Any CPU.Build.0 = Debug|Any CPU
		{6E2FD66E-482B-4AB0-BB32-D5A5145D8B96}.Release|Any CPU.ActiveCfg = Release|Any CPU
		{6E2FD66E-482B-4AB0-BB32-D5A5145D8B96}.Release|Any CPU.Build.0 = Release|Any CPU
		{D71058E2-0EBF-4024-BC85-D5325C02C509}.Debug|Any CPU.ActiveCfg = Debug|Any CPU
		{D71058E2-0EBF-4024-BC85-D5325C02C509}.Debug|Any CPU.Build.0 = Debug|Any CPU
		{D71058E2-0EBF-4024-BC85-D5325C02C509}.Release|Any CPU.ActiveCfg = Release|Any CPU
		{D71058E2-0EBF-4024-BC85-D5325C02C509}.Release|Any CPU.Build.0 = Release|Any CPU
	EndGlobalSection
EndGlobal
